
Microsoft Visual Studio Solution File, Format Version 12.00
# Visual Studio Version 16
VisualStudioVersion = 16.0.29306.81
MinimumVisualStudioVersion = 10.0.40219.1
Project("{2150E333-8FDC-42A3-9474-1A3956D46DE8}") = "01_ResourceAccess", "01_ResourceAccess", "{65D9F39A-343E-4A62-8323-8CB64E1BC36E}"
EndProject
Project("{2150E333-8FDC-42A3-9474-1A3956D46DE8}") = "02_Business", "02_Business", "{E7FA4404-326E-4BD7-B445-6ECACF6D09DC}"
EndProject
Project("{2150E333-8FDC-42A3-9474-1A3956D46DE8}") = "03_Entities", "03_Entities", "{4D0DA23B-1C47-4364-940D-9284979EF44C}"
EndProject
Project("{2150E333-8FDC-42A3-9474-1A3956D46DE8}") = "04_Middleware", "04_Middleware", "{CABF0EB9-611E-4714-AF96-372D07BDCB4C}"
EndProject
Project("{2150E333-8FDC-42A3-9474-1A3956D46DE8}") = "05_UserInterface", "05_UserInterface", "{BF61FA5C-02DD-4E8F-9437-A75CDBEDEB2D}"
EndProject
Project("{FAE04EC0-301F-11D3-BF4B-00C04F79EFBC}") = "ResourceAccess.Cultura", "ResourceAccess.Cultura\ResourceAccess.Cultura.csproj", "{01986BB8-E90C-4F8C-991E-189191838009}"
EndProject
Project("{FAE04EC0-301F-11D3-BF4B-00C04F79EFBC}") = "ResourceAccess.DTOs", "ResourceAccess.DTOs\ResourceAccess.DTOs.csproj", "{00D62A46-1663-4D68-A5AD-DF1772BEE498}"
EndProject
Project("{FAE04EC0-301F-11D3-BF4B-00C04F79EFBC}") = "ResourceAccess.Interfaces", "ResourceAccess.Interfaces\ResourceAccess.Interfaces.csproj", "{69AA531F-9BD7-48EA-B9DC-90FE8638C1F2}"
EndProject
Project("{FAE04EC0-301F-11D3-BF4B-00C04F79EFBC}") = "Business.Cutura", "Business.Cutura\Business.Cutura.csproj", "{FE5B4A06-0103-46DB-B230-3E075A6F5B43}"
EndProject
Project("{FAE04EC0-301F-11D3-BF4B-00C04F79EFBC}") = "Business.Interfaces", "Business.Interfaces\Business.Interfaces.csproj", "{96056E28-97F8-4F54-9724-0F7599331920}"
EndProject
Project("{FAE04EC0-301F-11D3-BF4B-00C04F79EFBC}") = "Entities", "Entities\Entities.csproj", "{A72A10E7-57B6-404D-8C7D-579C2240ACE9}"
EndProject
Project("{FAE04EC0-301F-11D3-BF4B-00C04F79EFBC}") = "WebApiMiddleware", "WebApiMiddleware\WebApiMiddleware.csproj", "{12203412-50B1-49F6-AA49-8100E0FFD31F}"
EndProject
Project("{FAE04EC0-301F-11D3-BF4B-00C04F79EFBC}") = "MvcAplication", "MvcAplication\MvcAplication.csproj", "{27207E38-E368-4456-B81C-5B17B98DA39E}"
EndProject
Global
	GlobalSection(SolutionConfigurationPlatforms) = preSolution
		Debug|Any CPU = Debug|Any CPU
		Release|Any CPU = Release|Any CPU
	EndGlobalSection
	GlobalSection(ProjectConfigurationPlatforms) = postSolution
		{01986BB8-E90C-4F8C-991E-189191838009}.Debug|Any CPU.ActiveCfg = Debug|Any CPU
		{01986BB8-E90C-4F8C-991E-189191838009}.Debug|Any CPU.Build.0 = Debug|Any CPU
		{01986BB8-E90C-4F8C-991E-189191838009}.Release|Any CPU.ActiveCfg = Release|Any CPU
		{01986BB8-E90C-4F8C-991E-189191838009}.Release|Any CPU.Build.0 = Release|Any CPU
		{00D62A46-1663-4D68-A5AD-DF1772BEE498}.Debug|Any CPU.ActiveCfg = Debug|Any CPU
		{00D62A46-1663-4D68-A5AD-DF1772BEE498}.Debug|Any CPU.Build.0 = Debug|Any CPU
		{00D62A46-1663-4D68-A5AD-DF1772BEE498}.Release|Any CPU.ActiveCfg = Release|Any CPU
		{00D62A46-1663-4D68-A5AD-DF1772BEE498}.Release|Any CPU.Build.0 = Release|Any CPU
		{69AA531F-9BD7-48EA-B9DC-90FE8638C1F2}.Debug|Any CPU.ActiveCfg = Debug|Any CPU
		{69AA531F-9BD7-48EA-B9DC-90FE8638C1F2}.Debug|Any CPU.Build.0 = Debug|Any CPU
		{69AA531F-9BD7-48EA-B9DC-90FE8638C1F2}.Release|Any CPU.ActiveCfg = Release|Any CPU
		{69AA531F-9BD7-48EA-B9DC-90FE8638C1F2}.Release|Any CPU.Build.0 = Release|Any CPU
		{FE5B4A06-0103-46DB-B230-3E075A6F5B43}.Debug|Any CPU.ActiveCfg = Debug|Any CPU
		{FE5B4A06-0103-46DB-B230-3E075A6F5B43}.Debug|Any CPU.Build.0 = Debug|Any CPU
		{FE5B4A06-0103-46DB-B230-3E075A6F5B43}.Release|Any CPU.ActiveCfg = Release|Any CPU
		{FE5B4A06-0103-46DB-B230-3E075A6F5B43}.Release|Any CPU.Build.0 = Release|Any CPU
		{96056E28-97F8-4F54-9724-0F7599331920}.Debug|Any CPU.ActiveCfg = Debug|Any CPU
		{96056E28-97F8-4F54-9724-0F7599331920}.Debug|Any CPU.Build.0 = Debug|Any CPU
		{96056E28-97F8-4F54-9724-0F7599331920}.Release|Any CPU.ActiveCfg = Release|Any CPU
		{96056E28-97F8-4F54-9724-0F7599331920}.Release|Any CPU.Build.0 = Release|Any CPU
		{A72A10E7-57B6-404D-8C7D-579C2240ACE9}.Debug|Any CPU.ActiveCfg = Debug|Any CPU
		{A72A10E7-57B6-404D-8C7D-579C2240ACE9}.Debug|Any CPU.Build.0 = Debug|Any CPU
		{A72A10E7-57B6-404D-8C7D-579C2240ACE9}.Release|Any CPU.ActiveCfg = Release|Any CPU
		{A72A10E7-57B6-404D-8C7D-579C2240ACE9}.Release|Any CPU.Build.0 = Release|Any CPU
		{12203412-50B1-49F6-AA49-8100E0FFD31F}.Debug|Any CPU.ActiveCfg = Debug|Any CPU
		{12203412-50B1-49F6-AA49-8100E0FFD31F}.Debug|Any CPU.Build.0 = Debug|Any CPU
		{12203412-50B1-49F6-AA49-8100E0FFD31F}.Release|Any CPU.ActiveCfg = Release|Any CPU
		{12203412-50B1-49F6-AA49-8100E0FFD31F}.Release|Any CPU.Build.0 = Release|Any CPU
		{27207E38-E368-4456-B81C-5B17B98DA39E}.Debug|Any CPU.ActiveCfg = Debug|Any CPU
		{27207E38-E368-4456-B81C-5B17B98DA39E}.Debug|Any CPU.Build.0 = Debug|Any CPU
		{27207E38-E368-4456-B81C-5B17B98DA39E}.Release|Any CPU.ActiveCfg = Release|Any CPU
		{27207E38-E368-4456-B81C-5B17B98DA39E}.Release|Any CPU.Build.0 = Release|Any CPU
	EndGlobalSection
	GlobalSection(SolutionProperties) = preSolution
		HideSolutionNode = FALSE
	EndGlobalSection
	GlobalSection(NestedProjects) = preSolution
		{01986BB8-E90C-4F8C-991E-189191838009} = {65D9F39A-343E-4A62-8323-8CB64E1BC36E}
		{00D62A46-1663-4D68-A5AD-DF1772BEE498} = {65D9F39A-343E-4A62-8323-8CB64E1BC36E}
		{69AA531F-9BD7-48EA-B9DC-90FE8638C1F2} = {65D9F39A-343E-4A62-8323-8CB64E1BC36E}
		{FE5B4A06-0103-46DB-B230-3E075A6F5B43} = {E7FA4404-326E-4BD7-B445-6ECACF6D09DC}
		{96056E28-97F8-4F54-9724-0F7599331920} = {E7FA4404-326E-4BD7-B445-6ECACF6D09DC}
		{A72A10E7-57B6-404D-8C7D-579C2240ACE9} = {4D0DA23B-1C47-4364-940D-9284979EF44C}
		{12203412-50B1-49F6-AA49-8100E0FFD31F} = {CABF0EB9-611E-4714-AF96-372D07BDCB4C}
		{27207E38-E368-4456-B81C-5B17B98DA39E} = {BF61FA5C-02DD-4E8F-9437-A75CDBEDEB2D}
	EndGlobalSection
	GlobalSection(ExtensibilityGlobals) = postSolution
		SolutionGuid = {0CC5BBB9-B63D-41D7-8BC9-DA71FBC50C22}
	EndGlobalSection
EndGlobal
